// !$*UTF8*$!
{
	archiveVersion = 1;
	classes = {
	};
	objectVersion = 50;
	objects = {

/* Begin PBXBuildFile section */
		8587DDBA231EEA6200C56F0E /* AppDelegate.swift in Sources */ = {isa = PBXBuildFile; fileRef = 8587DDB9231EEA6200C56F0E /* AppDelegate.swift */; };
		8587DDBC231EEA6200C56F0E /* ViewController.swift in Sources */ = {isa = PBXBuildFile; fileRef = 8587DDBB231EEA6200C56F0E /* ViewController.swift */; };
		8587DDBF231EEA6200C56F0E /* Main.storyboard in Resources */ = {isa = PBXBuildFile; fileRef = 8587DDBD231EEA6200C56F0E /* Main.storyboard */; };
		8587DDC1231EEA6400C56F0E /* Assets.xcassets in Resources */ = {isa = PBXBuildFile; fileRef = 8587DDC0231EEA6400C56F0E /* Assets.xcassets */; };
		8587DDC4231EEA6400C56F0E /* LaunchScreen.storyboard in Resources */ = {isa = PBXBuildFile; fileRef = 8587DDC2231EEA6400C56F0E /* LaunchScreen.storyboard */; };
		8587DDCF231EEA6400C56F0E /* ConcurrencyTests.swift in Sources */ = {isa = PBXBuildFile; fileRef = 8587DDCE231EEA6400C56F0E /* ConcurrencyTests.swift */; };
		8587DDDA231EEFDD00C56F0E /* united.json in Resources */ = {isa = PBXBuildFile; fileRef = 8587DDD9231EEFDD00C56F0E /* united.json */; };
		8587DDDD231EF09300C56F0E /* money.json in Resources */ = {isa = PBXBuildFile; fileRef = 8587DDDB231EF09300C56F0E /* money.json */; };
		8587DDDF231EF0A200C56F0E /* weather.json in Resources */ = {isa = PBXBuildFile; fileRef = 8587DDDE231EF0A200C56F0E /* weather.json */; };
		8587DDE1231EF13500C56F0E /* JSON.swift in Sources */ = {isa = PBXBuildFile; fileRef = 8587DDE0231EF13500C56F0E /* JSON.swift */; };
		8587DDE3231EF14700C56F0E /* DetailViewController.swift in Sources */ = {isa = PBXBuildFile; fileRef = 8587DDE2231EF14700C56F0E /* DetailViewController.swift */; };
		8587DDE7231EFAA000C56F0E /* CountryTableViewCell.swift in Sources */ = {isa = PBXBuildFile; fileRef = 8587DDE6231EFAA000C56F0E /* CountryTableViewCell.swift */; };
/* End PBXBuildFile section */

/* Begin PBXContainerItemProxy section */
		8587DDCB231EEA6400C56F0E /* PBXContainerItemProxy */ = {
			isa = PBXContainerItemProxy;
			containerPortal = 8587DDAE231EEA6200C56F0E /* Project object */;
			proxyType = 1;
			remoteGlobalIDString = 8587DDB5231EEA6200C56F0E;
			remoteInfo = Concurrency;
		};
/* End PBXContainerItemProxy section */

/* Begin PBXFileReference section */
		8587DDB6231EEA6200C56F0E /* Concurrency.app */ = {isa = PBXFileReference; explicitFileType = wrapper.application; includeInIndex = 0; path = Concurrency.app; sourceTree = BUILT_PRODUCTS_DIR; };
		8587DDB9231EEA6200C56F0E /* AppDelegate.swift */ = {isa = PBXFileReference; lastKnownFileType = sourcecode.swift; name = AppDelegate.swift; path = ../AppDelegate.swift; sourceTree = "<group>"; };
		8587DDBB231EEA6200C56F0E /* ViewController.swift */ = {isa = PBXFileReference; lastKnownFileType = sourcecode.swift; path = ViewController.swift; sourceTree = "<group>"; };
		8587DDBE231EEA6200C56F0E /* Base */ = {isa = PBXFileReference; lastKnownFileType = file.storyboard; name = Base; path = Base.lproj/Main.storyboard; sourceTree = "<group>"; };
		8587DDC0231EEA6400C56F0E /* Assets.xcassets */ = {isa = PBXFileReference; lastKnownFileType = folder.assetcatalog; path = Assets.xcassets; sourceTree = "<group>"; };
		8587DDC3231EEA6400C56F0E /* Base */ = {isa = PBXFileReference; lastKnownFileType = file.storyboard; name = Base; path = Base.lproj/LaunchScreen.storyboard; sourceTree = "<group>"; };
		8587DDC5231EEA6400C56F0E /* Info.plist */ = {isa = PBXFileReference; lastKnownFileType = text.plist.xml; path = Info.plist; sourceTree = "<group>"; };
		8587DDCA231EEA6400C56F0E /* ConcurrencyTests.xctest */ = {isa = PBXFileReference; explicitFileType = wrapper.cfbundle; includeInIndex = 0; path = ConcurrencyTests.xctest; sourceTree = BUILT_PRODUCTS_DIR; };
		8587DDCE231EEA6400C56F0E /* ConcurrencyTests.swift */ = {isa = PBXFileReference; lastKnownFileType = sourcecode.swift; path = ConcurrencyTests.swift; sourceTree = "<group>"; };
		8587DDD0231EEA6400C56F0E /* Info.plist */ = {isa = PBXFileReference; lastKnownFileType = text.plist.xml; path = Info.plist; sourceTree = "<group>"; };
		8587DDD9231EEFDD00C56F0E /* united.json */ = {isa = PBXFileReference; lastKnownFileType = text.json; name = united.json; path = ../united.json; sourceTree = "<group>"; };
		8587DDDC231EF09300C56F0E /* Base */ = {isa = PBXFileReference; lastKnownFileType = text.json; name = Base; path = Base.lproj/money.json; sourceTree = "<group>"; };
		8587DDDE231EF0A200C56F0E /* weather.json */ = {isa = PBXFileReference; lastKnownFileType = text.json; name = weather.json; path = ../weather.json; sourceTree = "<group>"; };
		8587DDE0231EF13500C56F0E /* JSON.swift */ = {isa = PBXFileReference; lastKnownFileType = sourcecode.swift; name = JSON.swift; path = ../JSON.swift; sourceTree = "<group>"; };
		8587DDE2231EF14700C56F0E /* DetailViewController.swift */ = {isa = PBXFileReference; lastKnownFileType = sourcecode.swift; path = DetailViewController.swift; sourceTree = "<group>"; };
		8587DDE6231EFAA000C56F0E /* CountryTableViewCell.swift */ = {isa = PBXFileReference; lastKnownFileType = sourcecode.swift; path = CountryTableViewCell.swift; sourceTree = "<group>"; };
/* End PBXFileReference section */

/* Begin PBXFrameworksBuildPhase section */
		8587DDB3231EEA6200C56F0E /* Frameworks */ = {
			isa = PBXFrameworksBuildPhase;
			buildActionMask = 2147483647;
			files = (
			);
			runOnlyForDeploymentPostprocessing = 0;
		};
		8587DDC7231EEA6400C56F0E /* Frameworks */ = {
			isa = PBXFrameworksBuildPhase;
			buildActionMask = 2147483647;
			files = (
			);
			runOnlyForDeploymentPostprocessing = 0;
		};
/* End PBXFrameworksBuildPhase section */

/* Begin PBXGroup section */
		8587DDAD231EEA6200C56F0E = {
			isa = PBXGroup;
			children = (
				8587DDB8231EEA6200C56F0E /* Concurrency */,
				8587DDCD231EEA6400C56F0E /* ConcurrencyTests */,
				8587DDB7231EEA6200C56F0E /* Products */,
			);
			sourceTree = "<group>";
		};
		8587DDB7231EEA6200C56F0E /* Products */ = {
			isa = PBXGroup;
			children = (
				8587DDB6231EEA6200C56F0E /* Concurrency.app */,
				8587DDCA231EEA6400C56F0E /* ConcurrencyTests.xctest */,
			);
			name = Products;
			sourceTree = "<group>";
		};
		8587DDB8231EEA6200C56F0E /* Concurrency */ = {
			isa = PBXGroup;
			children = (
				8587DDE5231EF65800C56F0E /* New Group1 */,
				8587DDE4231EF62C00C56F0E /* New Group */,
				8587DDE6231EFAA000C56F0E /* CountryTableViewCell.swift */,
				8587DDBB231EEA6200C56F0E /* ViewController.swift */,
				8587DDE2231EF14700C56F0E /* DetailViewController.swift */,
				8587DDBD231EEA6200C56F0E /* Main.storyboard */,
				8587DDC0231EEA6400C56F0E /* Assets.xcassets */,
				8587DDC5231EEA6400C56F0E /* Info.plist */,
			);
			path = Concurrency;
			sourceTree = "<group>";
		};
		8587DDCD231EEA6400C56F0E /* ConcurrencyTests */ = {
			isa = PBXGroup;
			children = (
				8587DDCE231EEA6400C56F0E /* ConcurrencyTests.swift */,
				8587DDD0231EEA6400C56F0E /* Info.plist */,
			);
			path = ConcurrencyTests;
			sourceTree = "<group>";
		};
		8587DDE4231EF62C00C56F0E /* New Group */ = {
			isa = PBXGroup;
			children = (
				8587DDE0231EF13500C56F0E /* JSON.swift */,
				8587DDD9231EEFDD00C56F0E /* united.json */,
				8587DDDB231EF09300C56F0E /* money.json */,
				8587DDDE231EF0A200C56F0E /* weather.json */,
			);
			path = "New Group";
			sourceTree = "<group>";
		};
		8587DDE5231EF65800C56F0E /* New Group1 */ = {
			isa = PBXGroup;
			children = (
				8587DDB9231EEA6200C56F0E /* AppDelegate.swift */,
				8587DDC2231EEA6400C56F0E /* LaunchScreen.storyboard */,
			);
			path = "New Group1";
			sourceTree = "<group>";
		};
/* End PBXGroup section */

/* Begin PBXNativeTarget section */
		8587DDB5231EEA6200C56F0E /* Concurrency */ = {
			isa = PBXNativeTarget;
			buildConfigurationList = 8587DDD3231EEA6400C56F0E /* Build configuration list for PBXNativeTarget "Concurrency" */;
			buildPhases = (
				8587DDB2231EEA6200C56F0E /* Sources */,
				8587DDB3231EEA6200C56F0E /* Frameworks */,
				8587DDB4231EEA6200C56F0E /* Resources */,
			);
			buildRules = (
			);
			dependencies = (
			);
			name = Concurrency;
			productName = Concurrency;
			productReference = 8587DDB6231EEA6200C56F0E /* Concurrency.app */;
			productType = "com.apple.product-type.application";
		};
		8587DDC9231EEA6400C56F0E /* ConcurrencyTests */ = {
			isa = PBXNativeTarget;
			buildConfigurationList = 8587DDD6231EEA6400C56F0E /* Build configuration list for PBXNativeTarget "ConcurrencyTests" */;
			buildPhases = (
				8587DDC6231EEA6400C56F0E /* Sources */,
				8587DDC7231EEA6400C56F0E /* Frameworks */,
				8587DDC8231EEA6400C56F0E /* Resources */,
			);
			buildRules = (
			);
			dependencies = (
				8587DDCC231EEA6400C56F0E /* PBXTargetDependency */,
			);
			name = ConcurrencyTests;
			productName = ConcurrencyTests;
			productReference = 8587DDCA231EEA6400C56F0E /* ConcurrencyTests.xctest */;
			productType = "com.apple.product-type.bundle.unit-test";
		};
/* End PBXNativeTarget section */

/* Begin PBXProject section */
		8587DDAE231EEA6200C56F0E /* Project object */ = {
			isa = PBXProject;
			attributes = {
				LastSwiftUpdateCheck = 1030;
				LastUpgradeCheck = 1030;
				ORGANIZATIONNAME = EricM;
				TargetAttributes = {
					8587DDB5231EEA6200C56F0E = {
						CreatedOnToolsVersion = 10.3;
					};
					8587DDC9231EEA6400C56F0E = {
						CreatedOnToolsVersion = 10.3;
						TestTargetID = 8587DDB5231EEA6200C56F0E;
					};
				};
			};
			buildConfigurationList = 8587DDB1231EEA6200C56F0E /* Build configuration list for PBXProject "Concurrency" */;
			compatibilityVersion = "Xcode 9.3";
			developmentRegion = en;
			hasScannedForEncodings = 0;
			knownRegions = (
				en,
				Base,
			);
			mainGroup = 8587DDAD231EEA6200C56F0E;
			productRefGroup = 8587DDB7231EEA6200C56F0E /* Products */;
			projectDirPath = "";
			projectRoot = "";
			targets = (
				8587DDB5231EEA6200C56F0E /* Concurrency */,
				8587DDC9231EEA6400C56F0E /* ConcurrencyTests */,
			);
		};
/* End PBXProject section */

/* Begin PBXResourcesBuildPhase section */
		8587DDB4231EEA6200C56F0E /* Resources */ = {
			isa = PBXResourcesBuildPhase;
			buildActionMask = 2147483647;
			files = (
				8587DDDA231EEFDD00C56F0E /* united.json in Resources */,
				8587DDC4231EEA6400C56F0E /* LaunchScreen.storyboard in Resources */,
				8587DDDF231EF0A200C56F0E /* weather.json in Resources */,
				8587DDDD231EF09300C56F0E /* money.json in Resources */,
				8587DDC1231EEA6400C56F0E /* Assets.xcassets in Resources */,
				8587DDBF231EEA6200C56F0E /* Main.storyboard in Resources */,
			);
			runOnlyForDeploymentPostprocessing = 0;
		};
		8587DDC8231EEA6400C56F0E /* Resources */ = {
			isa = PBXResourcesBuildPhase;
			buildActionMask = 2147483647;
			files = (
			);
			runOnlyForDeploymentPostprocessing = 0;
		};
/* End PBXResourcesBuildPhase section */

/* Begin PBXSourcesBuildPhase section */
		8587DDB2231EEA6200C56F0E /* Sources */ = {
			isa = PBXSourcesBuildPhase;
			buildActionMask = 2147483647;
			files = (
				8587DDE1231EF13500C56F0E /* JSON.swift in Sources */,
				8587DDBC231EEA6200C56F0E /* ViewController.swift in Sources */,
				8587DDBA231EEA6200C56F0E /* AppDelegate.swift in Sources */,
				8587DDE3231EF14700C56F0E /* DetailViewController.swift in Sources */,
				8587DDE7231EFAA000C56F0E /* CountryTableViewCell.swift in Sources */,
			);
			runOnlyForDeploymentPostprocessing = 0;
		};
		8587DDC6231EEA6400C56F0E /* Sources */ = {
			isa = PBXSourcesBuildPhase;
			buildActionMask = 2147483647;
			files = (
				8587DDCF231EEA6400C56F0E /* ConcurrencyTests.swift in Sources */,
			);
			runOnlyForDeploymentPostprocessing = 0;
		};
/* End PBXSourcesBuildPhase section */

/* Begin PBXTargetDependency section */
		8587DDCC231EEA6400C56F0E /* PBXTargetDependency */ = {
			isa = PBXTargetDependency;
			target = 8587DDB5231EEA6200C56F0E /* Concurrency */;
			targetProxy = 8587DDCB231EEA6400C56F0E /* PBXContainerItemProxy */;
		};
/* End PBXTargetDependency section */

/* Begin PBXVariantGroup section */
		8587DDBD231EEA6200C56F0E /* Main.storyboard */ = {
			isa = PBXVariantGroup;
			children = (
				8587DDBE231EEA6200C56F0E /* Base */,
			);
			name = Main.storyboard;
			sourceTree = "<group>";
		};
		8587DDC2231EEA6400C56F0E /* LaunchScreen.storyboard */ = {
			isa = PBXVariantGroup;
			children = (
				8587DDC3231EEA6400C56F0E /* Base */,
			);
			name = LaunchScreen.storyboard;
			sourceTree = "<group>";
		};
		8587DDDB231EF09300C56F0E /* money.json */ = {
			isa = PBXVariantGroup;
			children = (
				8587DDDC231EF09300C56F0E /* Base */,
			);
			name = money.json;
			sourceTree = "<group>";
		};
/* End PBXVariantGroup section */

/* Begin XCBuildConfiguration section */
		8587DDD1231EEA6400C56F0E /* Debug */ = {
			isa = XCBuildConfiguration;
			buildSettings = {
				ALWAYS_SEARCH_USER_PATHS = NO;
				CLANG_ANALYZER_NONNULL = YES;
				CLANG_ANALYZER_NUMBER_OBJECT_CONVERSION = YES_AGGRESSIVE;
				CLANG_CXX_LANGUAGE_STANDARD = "gnu++14";
				CLANG_CXX_LIBRARY = "libc++";
				CLANG_ENABLE_MODULES = YES;
				CLANG_ENABLE_OBJC_ARC = YES;
				CLANG_ENABLE_OBJC_WEAK = YES;
				CLANG_WARN_BLOCK_CAPTURE_AUTORELEASING = YES;
				CLANG_WARN_BOOL_CONVERSION = YES;
				CLANG_WARN_COMMA = YES;
				CLANG_WARN_CONSTANT_CONVERSION = YES;
				CLANG_WARN_DEPRECATED_OBJC_IMPLEMENTATIONS = YES;
				CLANG_WARN_DIRECT_OBJC_ISA_USAGE = YES_ERROR;
				CLANG_WARN_DOCUMENTATION_COMMENTS = YES;
				CLANG_WARN_EMPTY_BODY = YES;
				CLANG_WARN_ENUM_CONVERSION = YES;
				CLANG_WARN_INFINITE_RECURSION = YES;
				CLANG_WARN_INT_CONVERSION = YES;
				CLANG_WARN_NON_LITERAL_NULL_CONVERSION = YES;
				CLANG_WARN_OBJC_IMPLICIT_RETAIN_SELF = YES;
				CLANG_WARN_OBJC_LITERAL_CONVERSION = YES;
				CLANG_WARN_OBJC_ROOT_CLASS = YES_ERROR;
				CLANG_WARN_RANGE_LOOP_ANALYSIS = YES;
				CLANG_WARN_STRICT_PROTOTYPES = YES;
				CLANG_WARN_SUSPICIOUS_MOVE = YES;
				CLANG_WARN_UNGUARDED_AVAILABILITY = YES_AGGRESSIVE;
				CLANG_WARN_UNREACHABLE_CODE = YES;
				CLANG_WARN__DUPLICATE_METHOD_MATCH = YES;
				CODE_SIGN_IDENTITY = "iPhone Developer";
				COPY_PHASE_STRIP = NO;
				DEBUG_INFORMATION_FORMAT = dwarf;
				ENABLE_STRICT_OBJC_MSGSEND = YES;
				ENABLE_TESTABILITY = YES;
				GCC_C_LANGUAGE_STANDARD = gnu11;
				GCC_DYNAMIC_NO_PIC = NO;
				GCC_NO_COMMON_BLOCKS = YES;
				GCC_OPTIMIZATION_LEVEL = 0;
				GCC_PREPROCESSOR_DEFINITIONS = (
					"DEBUG=1",
					"$(inherited)",
				);
				GCC_WARN_64_TO_32_BIT_CONVERSION = YES;
				GCC_WARN_ABOUT_RETURN_TYPE = YES_ERROR;
				GCC_WARN_UNDECLARED_SELECTOR = YES;
				GCC_WARN_UNINITIALIZED_AUTOS = YES_AGGRESSIVE;
				GCC_WARN_UNUSED_FUNCTION = YES;
				GCC_WARN_UNUSED_VARIABLE = YES;
				IPHONEOS_DEPLOYMENT_TARGET = 12.4;
				MTL_ENABLE_DEBUG_INFO = INCLUDE_SOURCE;
				MTL_FAST_MATH = YES;
				ONLY_ACTIVE_ARCH = YES;
				SDKROOT = iphoneos;
				SWIFT_ACTIVE_COMPILATION_CONDITIONS = DEBUG;
				SWIFT_OPTIMIZATION_LEVEL = "-Onone";
			};
			name = Debug;
		};
		8587DDD2231EEA6400C56F0E /* Release */ = {
			isa = XCBuildConfiguration;
			buildSettings = {
				ALWAYS_SEARCH_USER_PATHS = NO;
				CLANG_ANALYZER_NONNULL = YES;
				CLANG_ANALYZER_NUMBER_OBJECT_CONVERSION = YES_AGGRESSIVE;
				CLANG_CXX_LANGUAGE_STANDARD = "gnu++14";
				CLANG_CXX_LIBRARY = "libc++";
				CLANG_ENABLE_MODULES = YES;
				CLANG_ENABLE_OBJC_ARC = YES;
				CLANG_ENABLE_OBJC_WEAK = YES;
				CLANG_WARN_BLOCK_CAPTURE_AUTORELEASING = YES;
				CLANG_WARN_BOOL_CONVERSION = YES;
				CLANG_WARN_COMMA = YES;
				CLANG_WARN_CONSTANT_CONVERSION = YES;
				CLANG_WARN_DEPRECATED_OBJC_IMPLEMENTATIONS = YES;
				CLANG_WARN_DIRECT_OBJC_ISA_USAGE = YES_ERROR;
				CLANG_WARN_DOCUMENTATION_COMMENTS = YES;
				CLANG_WARN_EMPTY_BODY = YES;
				CLANG_WARN_ENUM_CONVERSION = YES;
				CLANG_WARN_INFINITE_RECURSION = YES;
				CLANG_WARN_INT_CONVERSION = YES;
				CLANG_WARN_NON_LITERAL_NULL_CONVERSION = YES;
				CLANG_WARN_OBJC_IMPLICIT_RETAIN_SELF = YES;
				CLANG_WARN_OBJC_LITERAL_CONVERSION = YES;
				CLANG_WARN_OBJC_ROOT_CLASS = YES_ERROR;
				CLANG_WARN_RANGE_LOOP_ANALYSIS = YES;
				CLANG_WARN_STRICT_PROTOTYPES = YES;
				CLANG_WARN_SUSPICIOUS_MOVE = YES;
				CLANG_WARN_UNGUARDED_AVAILABILITY = YES_AGGRESSIVE;
				CLANG_WARN_UNREACHABLE_CODE = YES;
				CLANG_WARN__DUPLICATE_METHOD_MATCH = YES;
				CODE_SIGN_IDENTITY = "iPhone Developer";
				COPY_PHASE_STRIP = NO;
				DEBUG_INFORMATION_FORMAT = "dwarf-with-dsym";
				ENABLE_NS_ASSERTIONS = NO;
				ENABLE_STRICT_OBJC_MSGSEND = YES;
				GCC_C_LANGUAGE_STANDARD = gnu11;
				GCC_NO_COMMON_BLOCKS = YES;
				GCC_WARN_64_TO_32_BIT_CONVERSION = YES;
				GCC_WARN_ABOUT_RETURN_TYPE = YES_ERROR;
				GCC_WARN_UNDECLARED_SELECTOR = YES;
				GCC_WARN_UNINITIALIZED_AUTOS = YES_AGGRESSIVE;
				GCC_WARN_UNUSED_FUNCTION = YES;
				GCC_WARN_UNUSED_VARIABLE = YES;
				IPHONEOS_DEPLOYMENT_TARGET = 12.4;
				MTL_ENABLE_DEBUG_INFO = NO;
				MTL_FAST_MATH = YES;
				SDKROOT = iphoneos;
				SWIFT_COMPILATION_MODE = wholemodule;
				SWIFT_OPTIMIZATION_LEVEL = "-O";
				VALIDATE_PRODUCT = YES;
			};
			name = Release;
		};
		8587DDD4231EEA6400C56F0E /* Debug */ = {
			isa = XCBuildConfiguration;
			buildSettings = {
				ASSETCATALOG_COMPILER_APPICON_NAME = AppIcon;
				CODE_SIGN_STYLE = Automatic;
				INFOPLIST_FILE = Concurrency/Info.plist;
				LD_RUNPATH_SEARCH_PATHS = (
					"$(inherited)",
					"@executable_path/Frameworks",
				);
				PRODUCT_BUNDLE_IDENTIFIER = practice.Concurrency;
				PRODUCT_NAME = "$(TARGET_NAME)";
				SWIFT_VERSION = 5.0;
				TARGETED_DEVICE_FAMILY = "1,2";
			};
			name = Debug;
		};
		8587DDD5231EEA6400C56F0E /* Release */ = {
			isa = XCBuildConfiguration;
			buildSettings = {
				ASSETCATALOG_COMPILER_APPICON_NAME = AppIcon;
				CODE_SIGN_STYLE = Automatic;
				INFOPLIST_FILE = Concurrency/Info.plist;
				LD_RUNPATH_SEARCH_PATHS = (
					"$(inherited)",
					"@executable_path/Frameworks",
				);
				PRODUCT_BUNDLE_IDENTIFIER = practice.Concurrency;
				PRODUCT_NAME = "$(TARGET_NAME)";
				SWIFT_VERSION = 5.0;
				TARGETED_DEVICE_FAMILY = "1,2";
			};
			name = Release;
		};
		8587DDD7231EEA6400C56F0E /* Debug */ = {
			isa = XCBuildConfiguration;
			buildSettings = {
				ALWAYS_EMBED_SWIFT_STANDARD_LIBRARIES = YES;
				BUNDLE_LOADER = "$(TEST_HOST)";
				CODE_SIGN_STYLE = Automatic;
				INFOPLIST_FILE = ConcurrencyTests/Info.plist;
				LD_RUNPATH_SEARCH_PATHS = (
					"$(inherited)",
					"@executable_path/Frameworks",
					"@loader_path/Frameworks",
				);
				PRODUCT_BUNDLE_IDENTIFIER = practice.ConcurrencyTests;
				PRODUCT_NAME = "$(TARGET_NAME)";
				SWIFT_VERSION = 5.0;
				TARGETED_DEVICE_FAMILY = "1,2";
				TEST_HOST = "$(BUILT_PRODUCTS_DIR)/Concurrency.app/Concurrency";
			};
			name = Debug;
		};
		8587DDD8231EEA6400C56F0E /* Release */ = {
			isa = XCBuildConfiguration;
			buildSettings = {
				ALWAYS_EMBED_SWIFT_STANDARD_LIBRARIES = YES;
				BUNDLE_LOADER = "$(TEST_HOST)";
				CODE_SIGN_STYLE = Automatic;
				INFOPLIST_FILE = ConcurrencyTests/Info.plist;
				LD_RUNPATH_SEARCH_PATHS = (
					"$(inherited)",
					"@executable_path/Frameworks",
					"@loader_path/Frameworks",
				);
				PRODUCT_BUNDLE_IDENTIFIER = practice.ConcurrencyTests;
				PRODUCT_NAME = "$(TARGET_NAME)";
				SWIFT_VERSION = 5.0;
				TARGETED_DEVICE_FAMILY = "1,2";
				TEST_HOST = "$(BUILT_PRODUCTS_DIR)/Concurrency.app/Concurrency";
			};
			name = Release;
		};
/* End XCBuildConfiguration section */

/* Begin XCConfigurationList section */
		8587DDB1231EEA6200C56F0E /* Build configuration list for PBXProject "Concurrency" */ = {
			isa = XCConfigurationList;
			buildConfigurations = (
				8587DDD1231EEA6400C56F0E /* Debug */,
				8587DDD2231EEA6400C56F0E /* Release */,
			);
			defaultConfigurationIsVisible = 0;
			defaultConfigurationName = Release;
		};
		8587DDD3231EEA6400C56F0E /* Build configuration list for PBXNativeTarget "Concurrency" */ = {
			isa = XCConfigurationList;
			buildConfigurations = (
				8587DDD4231EEA6400C56F0E /* Debug */,
				8587DDD5231EEA6400C56F0E /* Release */,
			);
			defaultConfigurationIsVisible = 0;
			defaultConfigurationName = Release;
		};
		8587DDD6231EEA6400C56F0E /* Build configuration list for PBXNativeTarget "ConcurrencyTests" */ = {
			isa = XCConfigurationList;
			buildConfigurations = (
				8587DDD7231EEA6400C56F0E /* Debug */,
				8587DDD8231EEA6400C56F0E /* Release */,
			);
			defaultConfigurationIsVisible = 0;
			defaultConfigurationName = Release;
		};
/* End XCConfigurationList section */
	};
	rootObject = 8587DDAE231EEA6200C56F0E /* Project object */;
}
